Microsoft Visual Studio Solution File, Format Version 12.00
# Visual Studio Version 16
VisualStudioVersion = 16.0.29920.165
MinimumVisualStudioVersion = 15.0.26124.0
Project("{D954291E-2A0B-460D-934E-DC6B0785DB48}") = "CoffeeBrowsers.Shared", "CoffeeBrowsers.Shared\CoffeeBrowsers.Shared.shproj", "{6279C845-92F8-4333-AB99-3D213163593C}"
EndProject
Project("{FAE04EC0-301F-11D3-BF4B-00C04F79EFBC}") = "CoffeeBrowsers.Droid", "CoffeeBrowsers.Droid\CoffeeBrowsers.Droid.csproj", "{861AA288-BD1F-4310-8FD0-DEC1A4D988C3}"
EndProject
Project("{FAE04EC0-301F-11D3-BF4B-00C04F79EFBC}") = "CoffeeBrowsers.iOS", "CoffeeBrowsers.iOS\CoffeeBrowsers.iOS.csproj", "{CC4825AC-83F0-4904-8E87-97AFDC633346}"
EndProject
Project("{9A19103F-16F7-4668-BE54-9A1E7A4F7556}") = "CoffeeBrowsers.Wasm", "CoffeeBrowsers.Wasm\CoffeeBrowsers.Wasm.csproj", "{40EA03F7-8A22-4143-B251-79BAC3EB13D2}"
EndProject
Project("{9A19103F-16F7-4668-BE54-9A1E7A4F7556}") = "CoffeeBrowsers.Windows.Desktop", "CoffeeBrowsers.Windows.Desktop\CoffeeBrowsers.Windows.Desktop.csproj", "{1AA13270-F438-4864-9435-54FD806E10EA}"
EndProject
Project("{C7167F0D-BC9F-4E6E-AFE1-012C56B48DB5}") = "CoffeeBrowsers.Windows.Package", "CoffeeBrowsers.Windows.Package\CoffeeBrowsers.Windows.Package.wapproj", "{04D3EB68-4B47-4B1D-9B2C-BFA89229BB10}"
EndProject
Project("{2150E333-8FDC-42A3-9474-1A3956D46DE8}") = "Platforms", "Platforms", "{88E47FE8-CFE4-45C9-A2EB-6C587EAB0FC4}"
EndProject
Global
	GlobalSection(SharedMSBuildProjectFiles) = preSolution
		CoffeeBrowsers.Shared\CoffeeBrowsers.Shared.projitems*{1aa13270-f438-4864-9435-54fd806e10ea}*SharedItemsImports = 5
		CoffeeBrowsers.Shared\CoffeeBrowsers.Shared.projitems*{40ea03f7-8a22-4143-b251-79bac3eb13d2}*SharedItemsImports = 5
		CoffeeBrowsers.Shared\CoffeeBrowsers.Shared.projitems*{6279c845-92f8-4333-ab99-3d213163593c}*SharedItemsImports = 13
		CoffeeBrowsers.Shared\CoffeeBrowsers.Shared.projitems*{861aa288-bd1f-4310-8fd0-dec1a4d988c3}*SharedItemsImports = 4
		CoffeeBrowsers.Shared\CoffeeBrowsers.Shared.projitems*{cc4825ac-83f0-4904-8e87-97afdc633346}*SharedItemsImports = 4
	EndGlobalSection
	GlobalSection(SolutionConfigurationPlatforms) = preSolution
		Ad-Hoc|Any CPU = Ad-Hoc|Any CPU
		Ad-Hoc|ARM = Ad-Hoc|ARM
		Ad-Hoc|ARM64 = Ad-Hoc|ARM64
		Ad-Hoc|iPhone = Ad-Hoc|iPhone
		Ad-Hoc|iPhoneSimulator = Ad-Hoc|iPhoneSimulator
		Ad-Hoc|x64 = Ad-Hoc|x64
		Ad-Hoc|x86 = Ad-Hoc|x86
		AppStore|Any CPU = AppStore|Any CPU
		AppStore|ARM = AppStore|ARM
		AppStore|ARM64 = AppStore|ARM64
		AppStore|iPhone = AppStore|iPhone
		AppStore|iPhoneSimulator = AppStore|iPhoneSimulator
		AppStore|x64 = AppStore|x64
		AppStore|x86 = AppStore|x86
		Debug|Any CPU = Debug|Any CPU
		Debug|ARM = Debug|ARM
		Debug|ARM64 = Debug|ARM64
		Debug|iPhone = Debug|iPhone
		Debug|iPhoneSimulator = Debug|iPhoneSimulator
		Debug|x64 = Debug|x64
		Debug|x86 = Debug|x86
		Release|Any CPU = Release|Any CPU
		Release|ARM = Release|ARM
		Release|ARM64 = Release|ARM64
		Release|iPhone = Release|iPhone
		Release|iPhoneSimulator = Release|iPhoneSimulator
		Release|x64 = Release|x64
		Release|x86 = Release|x86
	EndGlobalSection
	GlobalSection(ProjectConfigurationPlatforms) = postSolution
		{861AA288-BD1F-4310-8FD0-DEC1A4D988C3}.Ad-Hoc|Any CPU.ActiveCfg = Release|Any CPU
		{861AA288-BD1F-4310-8FD0-DEC1A4D988C3}.Ad-Hoc|Any CPU.Build.0 = Release|Any CPU
		{861AA288-BD1F-4310-8FD0-DEC1A4D988C3}.Ad-Hoc|Any CPU.Deploy.0 = Release|Any CPU
		{861AA288-BD1F-4310-8FD0-DEC1A4D988C3}.Ad-Hoc|ARM.ActiveCfg = Release|Any CPU
		{861AA288-BD1F-4310-8FD0-DEC1A4D988C3}.Ad-Hoc|ARM.Build.0 = Release|Any CPU
		{861AA288-BD1F-4310-8FD0-DEC1A4D988C3}.Ad-Hoc|ARM.Deploy.0 = Release|Any CPU
		{861AA288-BD1F-4310-8FD0-DEC1A4D988C3}.Ad-Hoc|ARM64.ActiveCfg = Release|Any CPU
		{861AA288-BD1F-4310-8FD0-DEC1A4D988C3}.Ad-Hoc|ARM64.Build.0 = Release|Any CPU
		{861AA288-BD1F-4310-8FD0-DEC1A4D988C3}.Ad-Hoc|ARM64.Deploy.0 = Release|Any CPU
		{861AA288-BD1F-4310-8FD0-DEC1A4D988C3}.Ad-Hoc|iPhone.ActiveCfg = Release|Any CPU
		{861AA288-BD1F-4310-8FD0-DEC1A4D988C3}.Ad-Hoc|iPhone.Build.0 = Release|Any CPU
		{861AA288-BD1F-4310-8FD0-DEC1A4D988C3}.Ad-Hoc|iPhone.Deploy.0 = Release|Any CPU
		{861AA288-BD1F-4310-8FD0-DEC1A4D988C3}.Ad-Hoc|iPhoneSimulator.ActiveCfg = Release|Any CPU
		{861AA288-BD1F-4310-8FD0-DEC1A4D988C3}.Ad-Hoc|iPhoneSimulator.Build.0 = Release|Any CPU
		{861AA288-BD1F-4310-8FD0-DEC1A4D988C3}.Ad-Hoc|iPhoneSimulator.Deploy.0 = Release|Any CPU
		{861AA288-BD1F-4310-8FD0-DEC1A4D988C3}.Ad-Hoc|x64.ActiveCfg = Release|Any CPU
		{861AA288-BD1F-4310-8FD0-DEC1A4D988C3}.Ad-Hoc|x64.Build.0 = Release|Any CPU
		{861AA288-BD1F-4310-8FD0-DEC1A4D988C3}.Ad-Hoc|x64.Deploy.0 = Release|Any CPU
		{861AA288-BD1F-4310-8FD0-DEC1A4D988C3}.Ad-Hoc|x86.ActiveCfg = Release|Any CPU
		{861AA288-BD1F-4310-8FD0-DEC1A4D988C3}.Ad-Hoc|x86.Build.0 = Release|Any CPU
		{861AA288-BD1F-4310-8FD0-DEC1A4D988C3}.Ad-Hoc|x86.Deploy.0 = Release|Any CPU
		{861AA288-BD1F-4310-8FD0-DEC1A4D988C3}.AppStore|Any CPU.ActiveCfg = Release|Any CPU
		{861AA288-BD1F-4310-8FD0-DEC1A4D988C3}.AppStore|Any CPU.Build.0 = Release|Any CPU
		{861AA288-BD1F-4310-8FD0-DEC1A4D988C3}.AppStore|Any CPU.Deploy.0 = Release|Any CPU
		{861AA288-BD1F-4310-8FD0-DEC1A4D988C3}.AppStore|ARM.ActiveCfg = Release|Any CPU
		{861AA288-BD1F-4310-8FD0-DEC1A4D988C3}.AppStore|ARM.Build.0 = Release|Any CPU
		{861AA288-BD1F-4310-8FD0-DEC1A4D988C3}.AppStore|ARM.Deploy.0 = Release|Any CPU
		{861AA288-BD1F-4310-8FD0-DEC1A4D988C3}.AppStore|ARM64.ActiveCfg = Release|Any CPU
		{861AA288-BD1F-4310-8FD0-DEC1A4D988C3}.AppStore|ARM64.Build.0 = Release|Any CPU
		{861AA288-BD1F-4310-8FD0-DEC1A4D988C3}.AppStore|ARM64.Deploy.0 = Release|Any CPU
		{861AA288-BD1F-4310-8FD0-DEC1A4D988C3}.AppStore|iPhone.ActiveCfg = Release|Any CPU
		{861AA288-BD1F-4310-8FD0-DEC1A4D988C3}.AppStore|iPhone.Build.0 = Release|Any CPU
		{861AA288-BD1F-4310-8FD0-DEC1A4D988C3}.AppStore|iPhone.Deploy.0 = Release|Any CPU
		{861AA288-BD1F-4310-8FD0-DEC1A4D988C3}.AppStore|iPhoneSimulator.ActiveCfg = Release|Any CPU
		{861AA288-BD1F-4310-8FD0-DEC1A4D988C3}.AppStore|iPhoneSimulator.Build.0 = Release|Any CPU
		{861AA288-BD1F-4310-8FD0-DEC1A4D988C3}.AppStore|iPhoneSimulator.Deploy.0 = Release|Any CPU
		{861AA288-BD1F-4310-8FD0-DEC1A4D988C3}.AppStore|x64.ActiveCfg = Release|Any CPU
		{861AA288-BD1F-4310-8FD0-DEC1A4D988C3}.AppStore|x64.Build.0 = Release|Any CPU
		{861AA288-BD1F-4310-8FD0-DEC1A4D988C3}.AppStore|x64.Deploy.0 = Release|Any CPU
		{861AA288-BD1F-4310-8FD0-DEC1A4D988C3}.AppStore|x86.ActiveCfg = Release|Any CPU
		{861AA288-BD1F-4310-8FD0-DEC1A4D988C3}.AppStore|x86.Build.0 = Release|Any CPU
		{861AA288-BD1F-4310-8FD0-DEC1A4D988C3}.AppStore|x86.Deploy.0 = Release|Any CPU
		{861AA288-BD1F-4310-8FD0-DEC1A4D988C3}.Debug|Any CPU.ActiveCfg = Debug|Any CPU
		{861AA288-BD1F-4310-8FD0-DEC1A4D988C3}.Debug|Any CPU.Build.0 = Debug|Any CPU
		{861AA288-BD1F-4310-8FD0-DEC1A4D988C3}.Debug|Any CPU.Deploy.0 = Debug|Any CPU
		{861AA288-BD1F-4310-8FD0-DEC1A4D988C3}.Debug|ARM.ActiveCfg = Debug|Any CPU
		{861AA288-BD1F-4310-8FD0-DEC1A4D988C3}.Debug|ARM.Build.0 = Debug|Any CPU
		{861AA288-BD1F-4310-8FD0-DEC1A4D988C3}.Debug|ARM.Deploy.0 = Debug|Any CPU
		{861AA288-BD1F-4310-8FD0-DEC1A4D988C3}.Debug|ARM64.ActiveCfg = Debug|Any CPU
		{861AA288-BD1F-4310-8FD0-DEC1A4D988C3}.Debug|ARM64.Build.0 = Debug|Any CPU
		{861AA288-BD1F-4310-8FD0-DEC1A4D988C3}.Debug|ARM64.Deploy.0 = Debug|Any CPU
		{861AA288-BD1F-4310-8FD0-DEC1A4D988C3}.Debug|iPhone.ActiveCfg = Debug|Any CPU
		{861AA288-BD1F-4310-8FD0-DEC1A4D988C3}.Debug|iPhone.Build.0 = Debug|Any CPU
		{861AA288-BD1F-4310-8FD0-DEC1A4D988C3}.Debug|iPhone.Deploy.0 = Debug|Any CPU
		{861AA288-BD1F-4310-8FD0-DEC1A4D988C3}.Debug|iPhoneSimulator.ActiveCfg = Debug|Any CPU
		{861AA288-BD1F-4310-8FD0-DEC1A4D988C3}.Debug|iPhoneSimulator.Build.0 = Debug|Any CPU
		{861AA288-BD1F-4310-8FD0-DEC1A4D988C3}.Debug|iPhoneSimulator.Deploy.0 = Debug|Any CPU
		{861AA288-BD1F-4310-8FD0-DEC1A4D988C3}.Debug|x64.ActiveCfg = Debug|Any CPU
		{861AA288-BD1F-4310-8FD0-DEC1A4D988C3}.Debug|x64.Build.0 = Debug|Any CPU
		{861AA288-BD1F-4310-8FD0-DEC1A4D988C3}.Debug|x64.Deploy.0 = Debug|Any CPU
		{861AA288-BD1F-4310-8FD0-DEC1A4D988C3}.Debug|x86.ActiveCfg = Debug|Any CPU
		{861AA288-BD1F-4310-8FD0-DEC1A4D988C3}.Debug|x86.Build.0 = Debug|Any CPU
		{861AA288-BD1F-4310-8FD0-DEC1A4D988C3}.Debug|x86.Deploy.0 = Debug|Any CPU
		{861AA288-BD1F-4310-8FD0-DEC1A4D988C3}.Release|Any CPU.ActiveCfg = Release|Any CPU
		{861AA288-BD1F-4310-8FD0-DEC1A4D988C3}.Release|Any CPU.Build.0 = Release|Any CPU
		{861AA288-BD1F-4310-8FD0-DEC1A4D988C3}.Release|Any CPU.Deploy.0 = Release|Any CPU
		{861AA288-BD1F-4310-8FD0-DEC1A4D988C3}.Release|ARM.ActiveCfg = Release|Any CPU
		{861AA288-BD1F-4310-8FD0-DEC1A4D988C3}.Release|ARM.Build.0 = Release|Any CPU
		{861AA288-BD1F-4310-8FD0-DEC1A4D988C3}.Release|ARM.Deploy.0 = Release|Any CPU
		{861AA288-BD1F-4310-8FD0-DEC1A4D988C3}.Release|ARM64.ActiveCfg = Release|Any CPU
		{861AA288-BD1F-4310-8FD0-DEC1A4D988C3}.Release|ARM64.Build.0 = Release|Any CPU
		{861AA288-BD1F-4310-8FD0-DEC1A4D988C3}.Release|ARM64.Deploy.0 = Release|Any CPU
		{861AA288-BD1F-4310-8FD0-DEC1A4D988C3}.Release|iPhone.ActiveCfg = Release|Any CPU
		{861AA288-BD1F-4310-8FD0-DEC1A4D988C3}.Release|iPhone.Build.0 = Release|Any CPU
		{861AA288-BD1F-4310-8FD0-DEC1A4D988C3}.Release|iPhone.Deploy.0 = Release|Any CPU
		{861AA288-BD1F-4310-8FD0-DEC1A4D988C3}.Release|iPhoneSimulator.ActiveCfg = Release|Any CPU
		{861AA288-BD1F-4310-8FD0-DEC1A4D988C3}.Release|iPhoneSimulator.Build.0 = Release|Any CPU
		{861AA288-BD1F-4310-8FD0-DEC1A4D988C3}.Release|iPhoneSimulator.Deploy.0 = Release|Any CPU
		{861AA288-BD1F-4310-8FD0-DEC1A4D988C3}.Release|x64.ActiveCfg = Release|Any CPU
		{861AA288-BD1F-4310-8FD0-DEC1A4D988C3}.Release|x64.Build.0 = Release|Any CPU
		{861AA288-BD1F-4310-8FD0-DEC1A4D988C3}.Release|x64.Deploy.0 = Release|Any CPU
		{861AA288-BD1F-4310-8FD0-DEC1A4D988C3}.Release|x86.ActiveCfg = Release|Any CPU
		{861AA288-BD1F-4310-8FD0-DEC1A4D988C3}.Release|x86.Build.0 = Release|Any CPU
		{861AA288-BD1F-4310-8FD0-DEC1A4D988C3}.Release|x86.Deploy.0 = Release|Any CPU
		{CC4825AC-83F0-4904-8E87-97AFDC633346}.Ad-Hoc|Any CPU.ActiveCfg = Ad-Hoc|iPhoneSimulator
		{CC4825AC-83F0-4904-8E87-97AFDC633346}.Ad-Hoc|ARM.ActiveCfg = Ad-Hoc|iPhoneSimulator
		{CC4825AC-83F0-4904-8E87-97AFDC633346}.Ad-Hoc|ARM64.ActiveCfg = Ad-Hoc|iPhoneSimulator
		{CC4825AC-83F0-4904-8E87-97AFDC633346}.Ad-Hoc|iPhone.ActiveCfg = Ad-Hoc|iPhone
		{CC4825AC-83F0-4904-8E87-97AFDC633346}.Ad-Hoc|iPhone.Build.0 = Ad-Hoc|iPhone
		{CC4825AC-83F0-4904-8E87-97AFDC633346}.Ad-Hoc|iPhoneSimulator.ActiveCfg = Ad-Hoc|iPhoneSimulator
		{CC4825AC-83F0-4904-8E87-97AFDC633346}.Ad-Hoc|iPhoneSimulator.Build.0 = Ad-Hoc|iPhoneSimulator
		{CC4825AC-83F0-4904-8E87-97AFDC633346}.Ad-Hoc|x64.ActiveCfg = Ad-Hoc|iPhoneSimulator
		{CC4825AC-83F0-4904-8E87-97AFDC633346}.Ad-Hoc|x86.ActiveCfg = Ad-Hoc|iPhoneSimulator
		{CC4825AC-83F0-4904-8E87-97AFDC633346}.AppStore|Any CPU.ActiveCfg = AppStore|iPhoneSimulator
		{CC4825AC-83F0-4904-8E87-97AFDC633346}.AppStore|ARM.ActiveCfg = AppStore|iPhoneSimulator
		{CC4825AC-83F0-4904-8E87-97AFDC633346}.AppStore|ARM64.ActiveCfg = AppStore|iPhoneSimulator
		{CC4825AC-83F0-4904-8E87-97AFDC633346}.AppStore|iPhone.ActiveCfg = AppStore|iPhone
		{CC4825AC-83F0-4904-8E87-97AFDC633346}.AppStore|iPhone.Build.0 = AppStore|iPhone
		{CC4825AC-83F0-4904-8E87-97AFDC633346}.AppStore|iPhoneSimulator.ActiveCfg = AppStore|iPhoneSimulator
		{CC4825AC-83F0-4904-8E87-97AFDC633346}.AppStore|iPhoneSimulator.Build.0 = AppStore|iPhoneSimulator
		{CC4825AC-83F0-4904-8E87-97AFDC633346}.AppStore|x64.ActiveCfg = AppStore|iPhoneSimulator
		{CC4825AC-83F0-4904-8E87-97AFDC633346}.AppStore|x86.ActiveCfg = AppStore|iPhoneSimulator
		{CC4825AC-83F0-4904-8E87-97AFDC633346}.Debug|Any CPU.ActiveCfg = Debug|iPhone
		{CC4825AC-83F0-4904-8E87-97AFDC633346}.Debug|Any CPU.Build.0 = Debug|iPhone
		{CC4825AC-83F0-4904-8E87-97AFDC633346}.Debug|Any CPU.Deploy.0 = Debug|iPhone
		{CC4825AC-83F0-4904-8E87-97AFDC633346}.Debug|ARM.ActiveCfg = Debug|iPhone
		{CC4825AC-83F0-4904-8E87-97AFDC633346}.Debug|ARM64.ActiveCfg = Debug|iPhone
		{CC4825AC-83F0-4904-8E87-97AFDC633346}.Debug|iPhone.ActiveCfg = Debug|iPhone
		{CC4825AC-83F0-4904-8E87-97AFDC633346}.Debug|iPhone.Build.0 = Debug|iPhone
		{CC4825AC-83F0-4904-8E87-97AFDC633346}.Debug|iPhoneSimulator.ActiveCfg = Debug|iPhoneSimulator
		{CC4825AC-83F0-4904-8E87-97AFDC633346}.Debug|iPhoneSimulator.Build.0 = Debug|iPhoneSimulator
		{CC4825AC-83F0-4904-8E87-97AFDC633346}.Debug|x64.ActiveCfg = Debug|iPhone
		{CC4825AC-83F0-4904-8E87-97AFDC633346}.Debug|x64.Build.0 = Debug|iPhone
		{CC4825AC-83F0-4904-8E87-97AFDC633346}.Debug|x64.Deploy.0 = Debug|iPhone
		{CC4825AC-83F0-4904-8E87-97AFDC633346}.Debug|x86.ActiveCfg = Debug|iPhoneSimulator
		{CC4825AC-83F0-4904-8E87-97AFDC633346}.Debug|x86.Build.0 = Debug|iPhoneSimulator
		{CC4825AC-83F0-4904-8E87-97AFDC633346}.Debug|x86.Deploy.0 = Debug|iPhoneSimulator
		{CC4825AC-83F0-4904-8E87-97AFDC633346}.Release|Any CPU.ActiveCfg = Release|iPhone
		{CC4825AC-83F0-4904-8E87-97AFDC633346}.Release|ARM.ActiveCfg = Release|iPhone
		{CC4825AC-83F0-4904-8E87-97AFDC633346}.Release|ARM64.ActiveCfg = Release|iPhone
		{CC4825AC-83F0-4904-8E87-97AFDC633346}.Release|iPhone.ActiveCfg = Release|iPhone
		{CC4825AC-83F0-4904-8E87-97AFDC633346}.Release|iPhone.Build.0 = Release|iPhone
		{CC4825AC-83F0-4904-8E87-97AFDC633346}.Release|iPhoneSimulator.ActiveCfg = Release|iPhoneSimulator
		{CC4825AC-83F0-4904-8E87-97AFDC633346}.Release|iPhoneSimulator.Build.0 = Release|iPhoneSimulator
		{CC4825AC-83F0-4904-8E87-97AFDC633346}.Release|x64.ActiveCfg = Release|iPhoneSimulator
		{CC4825AC-83F0-4904-8E87-97AFDC633346}.Release|x64.Build.0 = Release|iPhoneSimulator
		{CC4825AC-83F0-4904-8E87-97AFDC633346}.Release|x64.Deploy.0 = Release|iPhoneSimulator
		{CC4825AC-83F0-4904-8E87-97AFDC633346}.Release|x86.ActiveCfg = Release|iPhoneSimulator
		{CC4825AC-83F0-4904-8E87-97AFDC633346}.Release|x86.Build.0 = Release|iPhoneSimulator
		{40EA03F7-8A22-4143-B251-79BAC3EB13D2}.Ad-Hoc|Any CPU.ActiveCfg = Release|Any CPU
		{40EA03F7-8A22-4143-B251-79BAC3EB13D2}.Ad-Hoc|Any CPU.Build.0 = Release|Any CPU
		{40EA03F7-8A22-4143-B251-79BAC3EB13D2}.Ad-Hoc|ARM.ActiveCfg = Release|Any CPU
		{40EA03F7-8A22-4143-B251-79BAC3EB13D2}.Ad-Hoc|ARM.Build.0 = Release|Any CPU
		{40EA03F7-8A22-4143-B251-79BAC3EB13D2}.Ad-Hoc|ARM64.ActiveCfg = Release|Any CPU
		{40EA03F7-8A22-4143-B251-79BAC3EB13D2}.Ad-Hoc|ARM64.Build.0 = Release|Any CPU
		{40EA03F7-8A22-4143-B251-79BAC3EB13D2}.Ad-Hoc|iPhone.ActiveCfg = Release|Any CPU
		{40EA03F7-8A22-4143-B251-79BAC3EB13D2}.Ad-Hoc|iPhone.Build.0 = Release|Any CPU
		{40EA03F7-8A22-4143-B251-79BAC3EB13D2}.Ad-Hoc|iPhoneSimulator.ActiveCfg = Release|Any CPU
		{40EA03F7-8A22-4143-B251-79BAC3EB13D2}.Ad-Hoc|iPhoneSimulator.Build.0 = Release|Any CPU
		{40EA03F7-8A22-4143-B251-79BAC3EB13D2}.Ad-Hoc|x64.ActiveCfg = Release|Any CPU
		{40EA03F7-8A22-4143-B251-79BAC3EB13D2}.Ad-Hoc|x64.Build.0 = Release|Any CPU
		{40EA03F7-8A22-4143-B251-79BAC3EB13D2}.Ad-Hoc|x86.ActiveCfg = Release|Any CPU
		{40EA03F7-8A22-4143-B251-79BAC3EB13D2}.Ad-Hoc|x86.Build.0 = Release|Any CPU
		{40EA03F7-8A22-4143-B251-79BAC3EB13D2}.AppStore|Any CPU.ActiveCfg = Release|Any CPU
		{40EA03F7-8A22-4143-B251-79BAC3EB13D2}.AppStore|Any CPU.Build.0 = Release|Any CPU
		{40EA03F7-8A22-4143-B251-79BAC3EB13D2}.AppStore|ARM.ActiveCfg = Release|Any CPU
		{40EA03F7-8A22-4143-B251-79BAC3EB13D2}.AppStore|ARM.Build.0 = Release|Any CPU
		{40EA03F7-8A22-4143-B251-79BAC3EB13D2}.AppStore|ARM64.ActiveCfg = Release|Any CPU
		{40EA03F7-8A22-4143-B251-79BAC3EB13D2}.AppStore|ARM64.Build.0 = Release|Any CPU
		{40EA03F7-8A22-4143-B251-79BAC3EB13D2}.AppStore|iPhone.ActiveCfg = Release|Any CPU
		{40EA03F7-8A22-4143-B251-79BAC3EB13D2}.AppStore|iPhone.Build.0 = Release|Any CPU
		{40EA03F7-8A22-4143-B251-79BAC3EB13D2}.AppStore|iPhoneSimulator.ActiveCfg = Release|Any CPU
		{40EA03F7-8A22-4143-B251-79BAC3EB13D2}.AppStore|iPhoneSimulator.Build.0 = Release|Any CPU
		{40EA03F7-8A22-4143-B251-79BAC3EB13D2}.AppStore|x64.ActiveCfg = Release|Any CPU
		{40EA03F7-8A22-4143-B251-79BAC3EB13D2}.AppStore|x64.Build.0 = Release|Any CPU
		{40EA03F7-8A22-4143-B251-79BAC3EB13D2}.AppStore|x86.ActiveCfg = Release|Any CPU
		{40EA03F7-8A22-4143-B251-79BAC3EB13D2}.AppStore|x86.Build.0 = Release|Any CPU
		{40EA03F7-8A22-4143-B251-79BAC3EB13D2}.Debug|Any CPU.ActiveCfg = Debug|Any CPU
		{40EA03F7-8A22-4143-B251-79BAC3EB13D2}.Debug|Any CPU.Build.0 = Debug|Any CPU
		{40EA03F7-8A22-4143-B251-79BAC3EB13D2}.Debug|ARM.ActiveCfg = Debug|Any CPU
		{40EA03F7-8A22-4143-B251-79BAC3EB13D2}.Debug|ARM.Build.0 = Debug|Any CPU
		{40EA03F7-8A22-4143-B251-79BAC3EB13D2}.Debug|ARM64.ActiveCfg = Debug|Any CPU
		{40EA03F7-8A22-4143-B251-79BAC3EB13D2}.Debug|ARM64.Build.0 = Debug|Any CPU
		{40EA03F7-8A22-4143-B251-79BAC3EB13D2}.Debug|iPhone.ActiveCfg = Debug|Any CPU
		{40EA03F7-8A22-4143-B251-79BAC3EB13D2}.Debug|iPhone.Build.0 = Debug|Any CPU
		{40EA03F7-8A22-4143-B251-79BAC3EB13D2}.Debug|iPhoneSimulator.ActiveCfg = Debug|Any CPU
		{40EA03F7-8A22-4143-B251-79BAC3EB13D2}.Debug|iPhoneSimulator.Build.0 = Debug|Any CPU
		{40EA03F7-8A22-4143-B251-79BAC3EB13D2}.Debug|x64.ActiveCfg = Debug|Any CPU
		{40EA03F7-8A22-4143-B251-79BAC3EB13D2}.Debug|x64.Build.0 = Debug|Any CPU
		{40EA03F7-8A22-4143-B251-79BAC3EB13D2}.Debug|x86.ActiveCfg = Debug|Any CPU
		{40EA03F7-8A22-4143-B251-79BAC3EB13D2}.Debug|x86.Build.0 = Debug|Any CPU
		{40EA03F7-8A22-4143-B251-79BAC3EB13D2}.Release|Any CPU.ActiveCfg = Release|Any CPU
		{40EA03F7-8A22-4143-B251-79BAC3EB13D2}.Release|Any CPU.Build.0 = Release|Any CPU
		{40EA03F7-8A22-4143-B251-79BAC3EB13D2}.Release|ARM.ActiveCfg = Release|Any CPU
		{40EA03F7-8A22-4143-B251-79BAC3EB13D2}.Release|ARM.Build.0 = Release|Any CPU
		{40EA03F7-8A22-4143-B251-79BAC3EB13D2}.Release|ARM64.ActiveCfg = Release|Any CPU
		{40EA03F7-8A22-4143-B251-79BAC3EB13D2}.Release|ARM64.Build.0 = Release|Any CPU
		{40EA03F7-8A22-4143-B251-79BAC3EB13D2}.Release|iPhone.ActiveCfg = Release|Any CPU
		{40EA03F7-8A22-4143-B251-79BAC3EB13D2}.Release|iPhone.Build.0 = Release|Any CPU
		{40EA03F7-8A22-4143-B251-79BAC3EB13D2}.Release|iPhoneSimulator.ActiveCfg = Release|Any CPU
		{40EA03F7-8A22-4143-B251-79BAC3EB13D2}.Release|iPhoneSimulator.Build.0 = Release|Any CPU
		{40EA03F7-8A22-4143-B251-79BAC3EB13D2}.Release|x64.ActiveCfg = Release|Any CPU
		{40EA03F7-8A22-4143-B251-79BAC3EB13D2}.Release|x64.Build.0 = Release|Any CPU
		{40EA03F7-8A22-4143-B251-79BAC3EB13D2}.Release|x86.ActiveCfg = Release|Any CPU
		{40EA03F7-8A22-4143-B251-79BAC3EB13D2}.Release|x86.Build.0 = Release|Any CPU
		{1AA13270-F438-4864-9435-54FD806E10EA}.Ad-Hoc|Any CPU.ActiveCfg = Release|Any CPU
		{1AA13270-F438-4864-9435-54FD806E10EA}.Ad-Hoc|Any CPU.Build.0 = Release|Any CPU
		{1AA13270-F438-4864-9435-54FD806E10EA}.Ad-Hoc|ARM.ActiveCfg = Release|Any CPU
		{1AA13270-F438-4864-9435-54FD806E10EA}.Ad-Hoc|ARM.Build.0 = Release|Any CPU
		{1AA13270-F438-4864-9435-54FD806E10EA}.Ad-Hoc|ARM64.ActiveCfg = Debug|arm64
		{1AA13270-F438-4864-9435-54FD806E10EA}.Ad-Hoc|ARM64.Build.0 = Debug|arm64
		{1AA13270-F438-4864-9435-54FD806E10EA}.Ad-Hoc|iPhone.ActiveCfg = Release|Any CPU
		{1AA13270-F438-4864-9435-54FD806E10EA}.Ad-Hoc|iPhone.Build.0 = Release|Any CPU
		{1AA13270-F438-4864-9435-54FD806E10EA}.Ad-Hoc|iPhoneSimulator.ActiveCfg = Release|Any CPU
		{1AA13270-F438-4864-9435-54FD806E10EA}.Ad-Hoc|iPhoneSimulator.Build.0 = Release|Any CPU
		{1AA13270-F438-4864-9435-54FD806E10EA}.Ad-Hoc|x64.ActiveCfg = Debug|x64
		{1AA13270-F438-4864-9435-54FD806E10EA}.Ad-Hoc|x64.Build.0 = Debug|x64
		{1AA13270-F438-4864-9435-54FD806E10EA}.Ad-Hoc|x86.ActiveCfg = Release|x86
		{1AA13270-F438-4864-9435-54FD806E10EA}.Ad-Hoc|x86.Build.0 = Release|x86
		{1AA13270-F438-4864-9435-54FD806E10EA}.AppStore|Any CPU.ActiveCfg = Release|Any CPU
		{1AA13270-F438-4864-9435-54FD806E10EA}.AppStore|Any CPU.Build.0 = Release|Any CPU
		{1AA13270-F438-4864-9435-54FD806E10EA}.AppStore|ARM.ActiveCfg = Release|Any CPU
		{1AA13270-F438-4864-9435-54FD806E10EA}.AppStore|ARM.Build.0 = Release|Any CPU
		{1AA13270-F438-4864-9435-54FD806E10EA}.AppStore|ARM64.ActiveCfg = Debug|arm64
		{1AA13270-F438-4864-9435-54FD806E10EA}.AppStore|ARM64.Build.0 = Debug|arm64
		{1AA13270-F438-4864-9435-54FD806E10EA}.AppStore|iPhone.ActiveCfg = Release|Any CPU
		{1AA13270-F438-4864-9435-54FD806E10EA}.AppStore|iPhone.Build.0 = Release|Any CPU
		{1AA13270-F438-4864-9435-54FD806E10EA}.AppStore|iPhoneSimulator.ActiveCfg = Release|Any CPU
		{1AA13270-F438-4864-9435-54FD806E10EA}.AppStore|iPhoneSimulator.Build.0 = Release|Any CPU
		{1AA13270-F438-4864-9435-54FD806E10EA}.AppStore|x64.ActiveCfg = Debug|x64
		{1AA13270-F438-4864-9435-54FD806E10EA}.AppStore|x64.Build.0 = Debug|x64
		{1AA13270-F438-4864-9435-54FD806E10EA}.AppStore|x86.ActiveCfg = Release|x86
		{1AA13270-F438-4864-9435-54FD806E10EA}.AppStore|x86.Build.0 = Release|x86
		{1AA13270-F438-4864-9435-54FD806E10EA}.Debug|Any CPU.ActiveCfg = Debug|x86
		{1AA13270-F438-4864-9435-54FD806E10EA}.Debug|Any CPU.Build.0 = Debug|x86
		{1AA13270-F438-4864-9435-54FD806E10EA}.Debug|ARM.ActiveCfg = Debug|Any CPU
		{1AA13270-F438-4864-9435-54FD806E10EA}.Debug|ARM.Build.0 = Debug|Any CPU
		{1AA13270-F438-4864-9435-54FD806E10EA}.Debug|ARM64.ActiveCfg = Debug|x86
		{1AA13270-F438-4864-9435-54FD806E10EA}.Debug|ARM64.Build.0 = Debug|x86
		{1AA13270-F438-4864-9435-54FD806E10EA}.Debug|iPhone.ActiveCfg = Debug|x86
		{1AA13270-F438-4864-9435-54FD806E10EA}.Debug|iPhone.Build.0 = Debug|x86
		{1AA13270-F438-4864-9435-54FD806E10EA}.Debug|iPhoneSimulator.ActiveCfg = Debug|x86
		{1AA13270-F438-4864-9435-54FD806E10EA}.Debug|iPhoneSimulator.Build.0 = Debug|x86
		{1AA13270-F438-4864-9435-54FD806E10EA}.Debug|x64.ActiveCfg = Debug|x86
		{1AA13270-F438-4864-9435-54FD806E10EA}.Debug|x64.Build.0 = Debug|x86
		{1AA13270-F438-4864-9435-54FD806E10EA}.Debug|x86.ActiveCfg = Debug|x86
		{1AA13270-F438-4864-9435-54FD806E10EA}.Debug|x86.Build.0 = Debug|x86
		{1AA13270-F438-4864-9435-54FD806E10EA}.Release|Any CPU.ActiveCfg = Release|Any CPU
		{1AA13270-F438-4864-9435-54FD806E10EA}.Release|Any CPU.Build.0 = Release|Any CPU
		{1AA13270-F438-4864-9435-54FD806E10EA}.Release|ARM.ActiveCfg = Release|Any CPU
		{1AA13270-F438-4864-9435-54FD806E10EA}.Release|ARM.Build.0 = Release|Any CPU
		{1AA13270-F438-4864-9435-54FD806E10EA}.Release|ARM64.ActiveCfg = Release|x86
		{1AA13270-F438-4864-9435-54FD806E10EA}.Release|ARM64.Build.0 = Release|x86
		{1AA13270-F438-4864-9435-54FD806E10EA}.Release|iPhone.ActiveCfg = Release|Any CPU
		{1AA13270-F438-4864-9435-54FD806E10EA}.Release|iPhone.Build.0 = Release|Any CPU
		{1AA13270-F438-4864-9435-54FD806E10EA}.Release|iPhoneSimulator.ActiveCfg = Release|Any CPU
		{1AA13270-F438-4864-9435-54FD806E10EA}.Release|iPhoneSimulator.Build.0 = Release|Any CPU
		{1AA13270-F438-4864-9435-54FD806E10EA}.Release|x64.ActiveCfg = Release|x86
		{1AA13270-F438-4864-9435-54FD806E10EA}.Release|x64.Build.0 = Release|x86
		{1AA13270-F438-4864-9435-54FD806E10EA}.Release|x86.ActiveCfg = Release|x86
		{1AA13270-F438-4864-9435-54FD806E10EA}.Release|x86.Build.0 = Release|x86
		{04D3EB68-4B47-4B1D-9B2C-BFA89229BB10}.Ad-Hoc|Any CPU.ActiveCfg = Debug|arm64
		{04D3EB68-4B47-4B1D-9B2C-BFA89229BB10}.Ad-Hoc|Any CPU.Build.0 = Debug|arm64
		{04D3EB68-4B47-4B1D-9B2C-BFA89229BB10}.Ad-Hoc|Any CPU.Deploy.0 = Debug|arm64
		{04D3EB68-4B47-4B1D-9B2C-BFA89229BB10}.Ad-Hoc|ARM.ActiveCfg = Debug|arm64
		{04D3EB68-4B47-4B1D-9B2C-BFA89229BB10}.Ad-Hoc|ARM.Build.0 = Debug|arm64
		{04D3EB68-4B47-4B1D-9B2C-BFA89229BB10}.Ad-Hoc|ARM.Deploy.0 = Debug|arm64
		{04D3EB68-4B47-4B1D-9B2C-BFA89229BB10}.Ad-Hoc|ARM64.ActiveCfg = Debug|arm64
		{04D3EB68-4B47-4B1D-9B2C-BFA89229BB10}.Ad-Hoc|ARM64.Build.0 = Debug|arm64
		{04D3EB68-4B47-4B1D-9B2C-BFA89229BB10}.Ad-Hoc|ARM64.Deploy.0 = Debug|arm64
		{04D3EB68-4B47-4B1D-9B2C-BFA89229BB10}.Ad-Hoc|iPhone.ActiveCfg = Debug|arm64
		{04D3EB68-4B47-4B1D-9B2C-BFA89229BB10}.Ad-Hoc|iPhone.Build.0 = Debug|arm64
		{04D3EB68-4B47-4B1D-9B2C-BFA89229BB10}.Ad-Hoc|iPhone.Deploy.0 = Debug|arm64
		{04D3EB68-4B47-4B1D-9B2C-BFA89229BB10}.Ad-Hoc|iPhoneSimulator.ActiveCfg = Debug|arm64
		{04D3EB68-4B47-4B1D-9B2C-BFA89229BB10}.Ad-Hoc|iPhoneSimulator.Build.0 = Debug|arm64
		{04D3EB68-4B47-4B1D-9B2C-BFA89229BB10}.Ad-Hoc|iPhoneSimulator.Deploy.0 = Debug|arm64
		{04D3EB68-4B47-4B1D-9B2C-BFA89229BB10}.Ad-Hoc|x64.ActiveCfg = Debug|x64
		{04D3EB68-4B47-4B1D-9B2C-BFA89229BB10}.Ad-Hoc|x64.Build.0 = Debug|x64
		{04D3EB68-4B47-4B1D-9B2C-BFA89229BB10}.Ad-Hoc|x64.Deploy.0 = Debug|x64
		{04D3EB68-4B47-4B1D-9B2C-BFA89229BB10}.Ad-Hoc|x86.ActiveCfg = Debug|x86
		{04D3EB68-4B47-4B1D-9B2C-BFA89229BB10}.Ad-Hoc|x86.Build.0 = Debug|x86
		{04D3EB68-4B47-4B1D-9B2C-BFA89229BB10}.Ad-Hoc|x86.Deploy.0 = Debug|x86
		{04D3EB68-4B47-4B1D-9B2C-BFA89229BB10}.AppStore|Any CPU.ActiveCfg = Debug|arm64
		{04D3EB68-4B47-4B1D-9B2C-BFA89229BB10}.AppStore|Any CPU.Build.0 = Debug|arm64
		{04D3EB68-4B47-4B1D-9B2C-BFA89229BB10}.AppStore|Any CPU.Deploy.0 = Debug|arm64
		{04D3EB68-4B47-4B1D-9B2C-BFA89229BB10}.AppStore|ARM.ActiveCfg = Debug|arm64
		{04D3EB68-4B47-4B1D-9B2C-BFA89229BB10}.AppStore|ARM.Build.0 = Debug|arm64
		{04D3EB68-4B47-4B1D-9B2C-BFA89229BB10}.AppStore|ARM.Deploy.0 = Debug|arm64
		{04D3EB68-4B47-4B1D-9B2C-BFA89229BB10}.AppStore|ARM64.ActiveCfg = Debug|arm64
		{04D3EB68-4B47-4B1D-9B2C-BFA89229BB10}.AppStore|ARM64.Build.0 = Debug|arm64
		{04D3EB68-4B47-4B1D-9B2C-BFA89229BB10}.AppStore|ARM64.Deploy.0 = Debug|arm64
		{04D3EB68-4B47-4B1D-9B2C-BFA89229BB10}.AppStore|iPhone.ActiveCfg = Debug|arm64
		{04D3EB68-4B47-4B1D-9B2C-BFA89229BB10}.AppStore|iPhone.Build.0 = Debug|arm64
		{04D3EB68-4B47-4B1D-9B2C-BFA89229BB10}.AppStore|iPhone.Deploy.0 = Debug|arm64
		{04D3EB68-4B47-4B1D-9B2C-BFA89229BB10}.AppStore|iPhoneSimulator.ActiveCfg = Debug|arm64
		{04D3EB68-4B47-4B1D-9B2C-BFA89229BB10}.AppStore|iPhoneSimulator.Build.0 = Debug|arm64
		{04D3EB68-4B47-4B1D-9B2C-BFA89229BB10}.AppStore|iPhoneSimulator.Deploy.0 = Debug|arm64
		{04D3EB68-4B47-4B1D-9B2C-BFA89229BB10}.AppStore|x64.ActiveCfg = Debug|x64
		{04D3EB68-4B47-4B1D-9B2C-BFA89229BB10}.AppStore|x64.Build.0 = Debug|x64
		{04D3EB68-4B47-4B1D-9B2C-BFA89229BB10}.AppStore|x64.Deploy.0 = Debug|x64
		{04D3EB68-4B47-4B1D-9B2C-BFA89229BB10}.AppStore|x86.ActiveCfg = Debug|x86
		{04D3EB68-4B47-4B1D-9B2C-BFA89229BB10}.AppStore|x86.Build.0 = Debug|x86
		{04D3EB68-4B47-4B1D-9B2C-BFA89229BB10}.AppStore|x86.Deploy.0 = Debug|x86
		{04D3EB68-4B47-4B1D-9B2C-BFA89229BB10}.Debug|Any CPU.ActiveCfg = Debug|x86
		{04D3EB68-4B47-4B1D-9B2C-BFA89229BB10}.Debug|Any CPU.Build.0 = Debug|x86
		{04D3EB68-4B47-4B1D-9B2C-BFA89229BB10}.Debug|Any CPU.Deploy.0 = Debug|x86
		{04D3EB68-4B47-4B1D-9B2C-BFA89229BB10}.Debug|ARM.ActiveCfg = Debug|x86
		{04D3EB68-4B47-4B1D-9B2C-BFA89229BB10}.Debug|ARM64.ActiveCfg = Debug|arm64
		{04D3EB68-4B47-4B1D-9B2C-BFA89229BB10}.Debug|ARM64.Build.0 = Debug|arm64
		{04D3EB68-4B47-4B1D-9B2C-BFA89229BB10}.Debug|ARM64.Deploy.0 = Debug|arm64
		{04D3EB68-4B47-4B1D-9B2C-BFA89229BB10}.Debug|iPhone.ActiveCfg = Debug|x86
		{04D3EB68-4B47-4B1D-9B2C-BFA89229BB10}.Debug|iPhone.Build.0 = Debug|x86
		{04D3EB68-4B47-4B1D-9B2C-BFA89229BB10}.Debug|iPhone.Deploy.0 = Debug|x86
		{04D3EB68-4B47-4B1D-9B2C-BFA89229BB10}.Debug|iPhoneSimulator.ActiveCfg = Debug|x86
		{04D3EB68-4B47-4B1D-9B2C-BFA89229BB10}.Debug|iPhoneSimulator.Build.0 = Debug|x86
		{04D3EB68-4B47-4B1D-9B2C-BFA89229BB10}.Debug|iPhoneSimulator.Deploy.0 = Debug|x86
		{04D3EB68-4B47-4B1D-9B2C-BFA89229BB10}.Debug|x64.ActiveCfg = Debug|x64
		{04D3EB68-4B47-4B1D-9B2C-BFA89229BB10}.Debug|x64.Build.0 = Debug|x64
		{04D3EB68-4B47-4B1D-9B2C-BFA89229BB10}.Debug|x64.Deploy.0 = Debug|x64
		{04D3EB68-4B47-4B1D-9B2C-BFA89229BB10}.Debug|x86.ActiveCfg = Debug|x86
		{04D3EB68-4B47-4B1D-9B2C-BFA89229BB10}.Debug|x86.Build.0 = Debug|x86
		{04D3EB68-4B47-4B1D-9B2C-BFA89229BB10}.Debug|x86.Deploy.0 = Debug|x86
		{04D3EB68-4B47-4B1D-9B2C-BFA89229BB10}.Release|Any CPU.ActiveCfg = Release|x86
		{04D3EB68-4B47-4B1D-9B2C-BFA89229BB10}.Release|ARM.ActiveCfg = Release|x86
		{04D3EB68-4B47-4B1D-9B2C-BFA89229BB10}.Release|ARM64.ActiveCfg = Release|arm64
		{04D3EB68-4B47-4B1D-9B2C-BFA89229BB10}.Release|ARM64.Build.0 = Release|arm64
		{04D3EB68-4B47-4B1D-9B2C-BFA89229BB10}.Release|ARM64.Deploy.0 = Release|arm64
		{04D3EB68-4B47-4B1D-9B2C-BFA89229BB10}.Release|iPhone.ActiveCfg = Release|x86
		{04D3EB68-4B47-4B1D-9B2C-BFA89229BB10}.Release|iPhoneSimulator.ActiveCfg = Release|x86
		{04D3EB68-4B47-4B1D-9B2C-BFA89229BB10}.Release|x64.ActiveCfg = Release|x64
		{04D3EB68-4B47-4B1D-9B2C-BFA89229BB10}.Release|x64.Build.0 = Release|x64
		{04D3EB68-4B47-4B1D-9B2C-BFA89229BB10}.Release|x64.Deploy.0 = Release|x64
		{04D3EB68-4B47-4B1D-9B2C-BFA89229BB10}.Release|x86.ActiveCfg = Release|x86
		{04D3EB68-4B47-4B1D-9B2C-BFA89229BB10}.Release|x86.Build.0 = Release|x86
		{04D3EB68-4B47-4B1D-9B2C-BFA89229BB10}.Release|x86.Deploy.0 = Release|x86
	EndGlobalSection
	GlobalSection(SolutionProperties) = preSolution
		HideSolutionNode = FALSE
	EndGlobalSection
	GlobalSection(NestedProjects) = preSolution
		{861AA288-BD1F-4310-8FD0-DEC1A4D988C3} = {88E47FE8-CFE4-45C9-A2EB-6C587EAB0FC4}
		{CC4825AC-83F0-4904-8E87-97AFDC633346} = {88E47FE8-CFE4-45C9-A2EB-6C587EAB0FC4}
		{40EA03F7-8A22-4143-B251-79BAC3EB13D2} = {88E47FE8-CFE4-45C9-A2EB-6C587EAB0FC4}
		{1AA13270-F438-4864-9435-54FD806E10EA} = {88E47FE8-CFE4-45C9-A2EB-6C587EAB0FC4}
		{04D3EB68-4B47-4B1D-9B2C-BFA89229BB10} = {88E47FE8-CFE4-45C9-A2EB-6C587EAB0FC4}
	EndGlobalSection
	GlobalSection(ExtensibilityGlobals) = postSolution
		SolutionGuid = {C7433AE2-B1A0-4C1A-887E-5CAA7AAF67A6}
	EndGlobalSection
EndGlobal
